
Microsoft Visual Studio Solution File, Format Version 12.00
# Visual Studio Version 17
VisualStudioVersion = 17.11.35303.130
MinimumVisualStudioVersion = 10.0.40219.1
Project("{FAE04EC0-301F-11D3-BF4B-00C04F79EFBC}") = "Collegeapp1", "Collegeapp1\Collegeapp1.csproj", "{F57DA9FC-B382-420B-8673-20809A0E19EC}"
EndProject
Global
	GlobalSection(SolutionConfigurationPlatforms) = preSolution
		Debug|Any CPU = Debug|Any CPU
		Release|Any CPU = Release|Any CPU
	EndGlobalSection
	GlobalSection(ProjectConfigurationPlatforms) = postSolution
		{F57DA9FC-B382-420B-8673-20809A0E19EC}.Debug|Any CPU.ActiveCfg = Debug|Any CPU
		{F57DA9FC-B382-420B-8673-20809A0E19EC}.Debug|Any CPU.Build.0 = Debug|Any CPU
		{F57DA9FC-B382-420B-8673-20809A0E19EC}.Release|Any CPU.ActiveCfg = Release|Any CPU
		{F57DA9FC-B382-420B-8673-20809A0E19EC}.Release|Any CPU.Build.0 = Release|Any CPU
	EndGlobalSection
	GlobalSection(SolutionProperties) = preSolution
		HideSolutionNode = FALSE
	EndGlobalSection
	GlobalSection(ExtensibilityGlobals) = postSolution
		SolutionGuid = {BDFD7F30-42B2-4573-B27B-08A569541C2D}
	EndGlobalSection
EndGlobal
